
Microsoft Visual Studio Solution File, Format Version 12.00
# Visual Studio Version 16
VisualStudioVersion = 16.0.30907.101
MinimumVisualStudioVersion = 10.0.40219.1
Project("{9A19103F-16F7-4668-BE54-9A1E7A4F7556}") = "SchoolMVVM2", "SchoolMVVM2\SchoolMVVM2.csproj", "{567F628E-90B3-48ED-9412-B1A9E7E75B93}"
EndProject
Project("{9A19103F-16F7-4668-BE54-9A1E7A4F7556}") = "NavSample", "..\NavSample\NavSample.csproj", "{87BC87B3-8AC7-4C62-B87A-9F53299855EB}"
EndProject
Global
	GlobalSection(SolutionConfigurationPlatforms) = preSolution
		Debug|Any CPU = Debug|Any CPU
		Release|Any CPU = Release|Any CPU
	EndGlobalSection
	GlobalSection(ProjectConfigurationPlatforms) = postSolution
		{567F628E-90B3-48ED-9412-B1A9E7E75B93}.Debug|Any CPU.ActiveCfg = Debug|Any CPU
		{567F628E-90B3-48ED-9412-B1A9E7E75B93}.Debug|Any CPU.Build.0 = Debug|Any CPU
		{567F628E-90B3-48ED-9412-B1A9E7E75B93}.Release|Any CPU.ActiveCfg = Release|Any CPU
		{567F628E-90B3-48ED-9412-B1A9E7E75B93}.Release|Any CPU.Build.0 = Release|Any CPU
		{87BC87B3-8AC7-4C62-B87A-9F53299855EB}.Debug|Any CPU.ActiveCfg = Debug|Any CPU
		{87BC87B3-8AC7-4C62-B87A-9F53299855EB}.Debug|Any CPU.Build.0 = Debug|Any CPU
		{87BC87B3-8AC7-4C62-B87A-9F53299855EB}.Release|Any CPU.ActiveCfg = Release|Any CPU
		{87BC87B3-8AC7-4C62-B87A-9F53299855EB}.Release|Any CPU.Build.0 = Release|Any CPU
	EndGlobalSection
	GlobalSection(SolutionProperties) = preSolution
		HideSolutionNode = FALSE
	EndGlobalSection
	GlobalSection(ExtensibilityGlobals) = postSolution
		SolutionGuid = {E1C712E1-1FA8-451C-BA77-A6492A5E967B}
	EndGlobalSection
EndGlobal
